<Solution>
  <Project Path="DumpPoc.Agent/DumpPoc.Agent.csproj" />
  <Project Path="DumpPoc.AppHost/DumpPoc.AppHost.csproj" />
  <Project Path="DumpPoc.ServiceDefaults/DumpPoc.ServiceDefaults.csproj" />
  <Project Path="DumpPoc.Shared/DumpPoc.Shared.csproj" />
  <Project Path="DumpPoc.Target/DumpPoc.Target.csproj" />
</Solution>
